
Microsoft Visual Studio Solution File, Format Version 12.00
# Visual Studio Version 17
VisualStudioVersion = 17.4.32916.344
MinimumVisualStudioVersion = 10.0.40219.1
Project("{9A19103F-16F7-4668-BE54-9A1E7A4F7556}") = "AdventOfCode2022", "AdventOfCode2022\AdventOfCode2022.csproj", "{1867ED13-2A10-4B98-A2A5-C29762E807F2}"
EndProject
Project("{9A19103F-16F7-4668-BE54-9A1E7A4F7556}") = "AdventOfCode2022.Tests", "AdventOfCode2022.Tests\AdventOfCode2022.Tests.csproj", "{E3B516AA-7919-4430-A5CF-7CA81DE249B3}"
EndProject
Project("{9A19103F-16F7-4668-BE54-9A1E7A4F7556}") = "AdventOfCode2022.Runner", "AdventOfCode2022.Runner\AdventOfCode2022.Runner.csproj", "{858BD7E5-1B95-48CE-91B7-CC961E96F603}"
EndProject
Global
	GlobalSection(SolutionConfigurationPlatforms) = preSolution
		Debug|Any CPU = Debug|Any CPU
		Release|Any CPU = Release|Any CPU
	EndGlobalSection
	GlobalSection(ProjectConfigurationPlatforms) = postSolution
		{1867ED13-2A10-4B98-A2A5-C29762E807F2}.Debug|Any CPU.ActiveCfg = Debug|Any CPU
		{1867ED13-2A10-4B98-A2A5-C29762E807F2}.Debug|Any CPU.Build.0 = Debug|Any CPU
		{1867ED13-2A10-4B98-A2A5-C29762E807F2}.Release|Any CPU.ActiveCfg = Release|Any CPU
		{1867ED13-2A10-4B98-A2A5-C29762E807F2}.Release|Any CPU.Build.0 = Release|Any CPU
		{E3B516AA-7919-4430-A5CF-7CA81DE249B3}.Debug|Any CPU.ActiveCfg = Debug|Any CPU
		{E3B516AA-7919-4430-A5CF-7CA81DE249B3}.Debug|Any CPU.Build.0 = Debug|Any CPU
		{E3B516AA-7919-4430-A5CF-7CA81DE249B3}.Release|Any CPU.ActiveCfg = Release|Any CPU
		{E3B516AA-7919-4430-A5CF-7CA81DE249B3}.Release|Any CPU.Build.0 = Release|Any CPU
		{858BD7E5-1B95-48CE-91B7-CC961E96F603}.Debug|Any CPU.ActiveCfg = Debug|Any CPU
		{858BD7E5-1B95-48CE-91B7-CC961E96F603}.Debug|Any CPU.Build.0 = Debug|Any CPU
		{858BD7E5-1B95-48CE-91B7-CC961E96F603}.Release|Any CPU.ActiveCfg = Release|Any CPU
		{858BD7E5-1B95-48CE-91B7-CC961E96F603}.Release|Any CPU.Build.0 = Release|Any CPU
	EndGlobalSection
	GlobalSection(SolutionProperties) = preSolution
		HideSolutionNode = FALSE
	EndGlobalSection
	GlobalSection(ExtensibilityGlobals) = postSolution
		SolutionGuid = {F5662430-45DB-4C02-8796-660E92291E99}
	EndGlobalSection
EndGlobal
